
Microsoft Visual Studio Solution File, Format Version 12.00
# Visual Studio Version 17
VisualStudioVersion = 17.9.34607.119
MinimumVisualStudioVersion = 10.0.40219.1
Project("{FAE04EC0-301F-11D3-BF4B-00C04F79EFBC}") = "Taller_2_10%", "Taller_2_10%.csproj", "{22842C88-AE78-4941-A564-302765945671}"
EndProject
Global
	GlobalSection(SolutionConfigurationPlatforms) = preSolution
		Debug|Any CPU = Debug|Any CPU
		Release|Any CPU = Release|Any CPU
	EndGlobalSection
	GlobalSection(ProjectConfigurationPlatforms) = postSolution
		{22842C88-AE78-4941-A564-302765945671}.Debug|Any CPU.ActiveCfg = Debug|Any CPU
		{22842C88-AE78-4941-A564-302765945671}.Debug|Any CPU.Build.0 = Debug|Any CPU
		{22842C88-AE78-4941-A564-302765945671}.Release|Any CPU.ActiveCfg = Release|Any CPU
		{22842C88-AE78-4941-A564-302765945671}.Release|Any CPU.Build.0 = Release|Any CPU
	EndGlobalSection
	GlobalSection(SolutionProperties) = preSolution
		HideSolutionNode = FALSE
	EndGlobalSection
	GlobalSection(ExtensibilityGlobals) = postSolution
		SolutionGuid = {10D8D252-BE09-4638-8BB7-435FD2D87E06}
	EndGlobalSection
EndGlobal
